
Microsoft Visual Studio Solution File, Format Version 12.00
# Visual Studio Version 16
VisualStudioVersion = 16.0.30503.244
MinimumVisualStudioVersion = 10.0.40219.1
Project("{FAE04EC0-301F-11D3-BF4B-00C04F79EFBC}") = "Space", "Space\Space.csproj", "{374C0BF9-95D1-4974-A388-C9F10B2DA465}"
EndProject
Global
	GlobalSection(SolutionConfigurationPlatforms) = preSolution
		Debug|Any CPU = Debug|Any CPU
		Release|Any CPU = Release|Any CPU
	EndGlobalSection
	GlobalSection(ProjectConfigurationPlatforms) = postSolution
		{374C0BF9-95D1-4974-A388-C9F10B2DA465}.Debug|Any CPU.ActiveCfg = Debug|Any CPU
		{374C0BF9-95D1-4974-A388-C9F10B2DA465}.Debug|Any CPU.Build.0 = Debug|Any CPU
		{374C0BF9-95D1-4974-A388-C9F10B2DA465}.Release|Any CPU.ActiveCfg = Release|Any CPU
		{374C0BF9-95D1-4974-A388-C9F10B2DA465}.Release|Any CPU.Build.0 = Release|Any CPU
	EndGlobalSection
	GlobalSection(SolutionProperties) = preSolution
		HideSolutionNode = FALSE
	EndGlobalSection
	GlobalSection(ExtensibilityGlobals) = postSolution
		SolutionGuid = {D40EE836-90C1-4EF2-89F9-9288B6539F96}
	EndGlobalSection
EndGlobal
